
Microsoft Visual Studio Solution File, Format Version 12.00
# Visual Studio Version 16
VisualStudioVersion = 16.0.31129.286
MinimumVisualStudioVersion = 10.0.40219.1
Project("{FAE04EC0-301F-11D3-BF4B-00C04F79EFBC}") = "HashingLoginExample", "HashingLoginExample\HashingLoginExample.csproj", "{23797A3F-D67C-46E2-A311-BA06E771C823}"
EndProject
Global
	GlobalSection(SolutionConfigurationPlatforms) = preSolution
		Debug|Any CPU = Debug|Any CPU
		Release|Any CPU = Release|Any CPU
	EndGlobalSection
	GlobalSection(ProjectConfigurationPlatforms) = postSolution
		{23797A3F-D67C-46E2-A311-BA06E771C823}.Debug|Any CPU.ActiveCfg = Debug|Any CPU
		{23797A3F-D67C-46E2-A311-BA06E771C823}.Debug|Any CPU.Build.0 = Debug|Any CPU
		{23797A3F-D67C-46E2-A311-BA06E771C823}.Release|Any CPU.ActiveCfg = Release|Any CPU
		{23797A3F-D67C-46E2-A311-BA06E771C823}.Release|Any CPU.Build.0 = Release|Any CPU
	EndGlobalSection
	GlobalSection(SolutionProperties) = preSolution
		HideSolutionNode = FALSE
	EndGlobalSection
	GlobalSection(ExtensibilityGlobals) = postSolution
		SolutionGuid = {F9352E8F-84F4-4FD9-9C64-171CC1D0FB4D}
	EndGlobalSection
EndGlobal
